
Microsoft Visual Studio Solution File, Format Version 12.00
# Visual Studio Version 17
VisualStudioVersion = 17.13.35931.197 d17.13
MinimumVisualStudioVersion = 10.0.40219.1
Project("{FAE04EC0-301F-11D3-BF4B-00C04F79EFBC}") = "C#livetest", "C#livetest.csproj", "{5484C8BA-3E8A-467E-809C-5E40D727E6EC}"
EndProject
Global
	GlobalSection(SolutionConfigurationPlatforms) = preSolution
		Debug|Any CPU = Debug|Any CPU
		Release|Any CPU = Release|Any CPU
	EndGlobalSection
	GlobalSection(ProjectConfigurationPlatforms) = postSolution
		{5484C8BA-3E8A-467E-809C-5E40D727E6EC}.Debug|Any CPU.ActiveCfg = Debug|Any CPU
		{5484C8BA-3E8A-467E-809C-5E40D727E6EC}.Debug|Any CPU.Build.0 = Debug|Any CPU
		{5484C8BA-3E8A-467E-809C-5E40D727E6EC}.Release|Any CPU.ActiveCfg = Release|Any CPU
		{5484C8BA-3E8A-467E-809C-5E40D727E6EC}.Release|Any CPU.Build.0 = Release|Any CPU
	EndGlobalSection
	GlobalSection(SolutionProperties) = preSolution
		HideSolutionNode = FALSE
	EndGlobalSection
	GlobalSection(ExtensibilityGlobals) = postSolution
		SolutionGuid = {BB89468C-D98A-4B04-87BE-746ED062D1C5}
	EndGlobalSection
EndGlobal
